
Microsoft Visual Studio Solution File, Format Version 12.00
# Visual Studio Version 16
VisualStudioVersion = 16.0.30011.22
MinimumVisualStudioVersion = 10.0.40219.1
Project("{FAE04EC0-301F-11D3-BF4B-00C04F79EFBC}") = "AudioSignalApp.Android", "AudioSignalApp\AudioSignalApp.Android\AudioSignalApp.Android.csproj", "{848305DD-F066-481E-A08E-FA5F76EFD3C9}"
EndProject
Project("{FAE04EC0-301F-11D3-BF4B-00C04F79EFBC}") = "AudioSignalApp.iOS", "AudioSignalApp\AudioSignalApp.iOS\AudioSignalApp.iOS.csproj", "{554932E8-1273-45C9-8334-2253E01B0419}"
EndProject
Project("{FAE04EC0-301F-11D3-BF4B-00C04F79EFBC}") = "AudioSignalApp", "AudioSignalApp\AudioSignalApp\AudioSignalApp.csproj", "{D42E08FC-19FE-4C5A-B546-87438E928129}"
EndProject
Global
	GlobalSection(SolutionConfigurationPlatforms) = preSolution
		Debug|Any CPU = Debug|Any CPU
		Debug|iPhone = Debug|iPhone
		Debug|iPhoneSimulator = Debug|iPhoneSimulator
		Release|Any CPU = Release|Any CPU
		Release|iPhone = Release|iPhone
		Release|iPhoneSimulator = Release|iPhoneSimulator
	EndGlobalSection
	GlobalSection(ProjectConfigurationPlatforms) = postSolution
		{848305DD-F066-481E-A08E-FA5F76EFD3C9}.Debug|Any CPU.ActiveCfg = Debug|Any CPU
		{848305DD-F066-481E-A08E-FA5F76EFD3C9}.Debug|Any CPU.Build.0 = Debug|Any CPU
		{848305DD-F066-481E-A08E-FA5F76EFD3C9}.Debug|Any CPU.Deploy.0 = Debug|Any CPU
		{848305DD-F066-481E-A08E-FA5F76EFD3C9}.Debug|iPhone.ActiveCfg = Debug|Any CPU
		{848305DD-F066-481E-A08E-FA5F76EFD3C9}.Debug|iPhone.Build.0 = Debug|Any CPU
		{848305DD-F066-481E-A08E-FA5F76EFD3C9}.Debug|iPhone.Deploy.0 = Debug|Any CPU
		{848305DD-F066-481E-A08E-FA5F76EFD3C9}.Debug|iPhoneSimulator.ActiveCfg = Debug|Any CPU
		{848305DD-F066-481E-A08E-FA5F76EFD3C9}.Debug|iPhoneSimulator.Build.0 = Debug|Any CPU
		{848305DD-F066-481E-A08E-FA5F76EFD3C9}.Debug|iPhoneSimulator.Deploy.0 = Debug|Any CPU
		{848305DD-F066-481E-A08E-FA5F76EFD3C9}.Release|Any CPU.ActiveCfg = Release|Any CPU
		{848305DD-F066-481E-A08E-FA5F76EFD3C9}.Release|Any CPU.Build.0 = Release|Any CPU
		{848305DD-F066-481E-A08E-FA5F76EFD3C9}.Release|Any CPU.Deploy.0 = Release|Any CPU
		{848305DD-F066-481E-A08E-FA5F76EFD3C9}.Release|iPhone.ActiveCfg = Release|Any CPU
		{848305DD-F066-481E-A08E-FA5F76EFD3C9}.Release|iPhone.Build.0 = Release|Any CPU
		{848305DD-F066-481E-A08E-FA5F76EFD3C9}.Release|iPhone.Deploy.0 = Release|Any CPU
		{848305DD-F066-481E-A08E-FA5F76EFD3C9}.Release|iPhoneSimulator.ActiveCfg = Release|Any CPU
		{848305DD-F066-481E-A08E-FA5F76EFD3C9}.Release|iPhoneSimulator.Build.0 = Release|Any CPU
		{848305DD-F066-481E-A08E-FA5F76EFD3C9}.Release|iPhoneSimulator.Deploy.0 = Release|Any CPU
		{554932E8-1273-45C9-8334-2253E01B0419}.Debug|Any CPU.ActiveCfg = Debug|iPhone
		{554932E8-1273-45C9-8334-2253E01B0419}.Debug|Any CPU.Build.0 = Debug|iPhone
		{554932E8-1273-45C9-8334-2253E01B0419}.Debug|Any CPU.Deploy.0 = Debug|iPhone
		{554932E8-1273-45C9-8334-2253E01B0419}.Debug|iPhone.ActiveCfg = Debug|iPhone
		{554932E8-1273-45C9-8334-2253E01B0419}.Debug|iPhone.Build.0 = Debug|iPhone
		{554932E8-1273-45C9-8334-2253E01B0419}.Debug|iPhone.Deploy.0 = Debug|iPhone
		{554932E8-1273-45C9-8334-2253E01B0419}.Debug|iPhoneSimulator.ActiveCfg = Debug|iPhoneSimulator
		{554932E8-1273-45C9-8334-2253E01B0419}.Debug|iPhoneSimulator.Build.0 = Debug|iPhoneSimulator
		{554932E8-1273-45C9-8334-2253E01B0419}.Debug|iPhoneSimulator.Deploy.0 = Debug|iPhoneSimulator
		{554932E8-1273-45C9-8334-2253E01B0419}.Release|Any CPU.ActiveCfg = Release|iPhone
		{554932E8-1273-45C9-8334-2253E01B0419}.Release|Any CPU.Build.0 = Release|iPhone
		{554932E8-1273-45C9-8334-2253E01B0419}.Release|Any CPU.Deploy.0 = Release|iPhone
		{554932E8-1273-45C9-8334-2253E01B0419}.Release|iPhone.ActiveCfg = Release|iPhone
		{554932E8-1273-45C9-8334-2253E01B0419}.Release|iPhone.Build.0 = Release|iPhone
		{554932E8-1273-45C9-8334-2253E01B0419}.Release|iPhone.Deploy.0 = Release|iPhone
		{554932E8-1273-45C9-8334-2253E01B0419}.Release|iPhoneSimulator.ActiveCfg = Release|iPhoneSimulator
		{554932E8-1273-45C9-8334-2253E01B0419}.Release|iPhoneSimulator.Build.0 = Release|iPhoneSimulator
		{554932E8-1273-45C9-8334-2253E01B0419}.Release|iPhoneSimulator.Deploy.0 = Release|iPhoneSimulator
		{D42E08FC-19FE-4C5A-B546-87438E928129}.Debug|Any CPU.ActiveCfg = Debug|Any CPU
		{D42E08FC-19FE-4C5A-B546-87438E928129}.Debug|Any CPU.Build.0 = Debug|Any CPU
		{D42E08FC-19FE-4C5A-B546-87438E928129}.Debug|Any CPU.Deploy.0 = Debug|Any CPU
		{D42E08FC-19FE-4C5A-B546-87438E928129}.Debug|iPhone.ActiveCfg = Debug|Any CPU
		{D42E08FC-19FE-4C5A-B546-87438E928129}.Debug|iPhone.Build.0 = Debug|Any CPU
		{D42E08FC-19FE-4C5A-B546-87438E928129}.Debug|iPhone.Deploy.0 = Debug|Any CPU
		{D42E08FC-19FE-4C5A-B546-87438E928129}.Debug|iPhoneSimulator.ActiveCfg = Debug|Any CPU
		{D42E08FC-19FE-4C5A-B546-87438E928129}.Debug|iPhoneSimulator.Build.0 = Debug|Any CPU
		{D42E08FC-19FE-4C5A-B546-87438E928129}.Debug|iPhoneSimulator.Deploy.0 = Debug|Any CPU
		{D42E08FC-19FE-4C5A-B546-87438E928129}.Release|Any CPU.ActiveCfg = Release|Any CPU
		{D42E08FC-19FE-4C5A-B546-87438E928129}.Release|Any CPU.Build.0 = Release|Any CPU
		{D42E08FC-19FE-4C5A-B546-87438E928129}.Release|Any CPU.Deploy.0 = Release|Any CPU
		{D42E08FC-19FE-4C5A-B546-87438E928129}.Release|iPhone.ActiveCfg = Release|Any CPU
		{D42E08FC-19FE-4C5A-B546-87438E928129}.Release|iPhone.Build.0 = Release|Any CPU
		{D42E08FC-19FE-4C5A-B546-87438E928129}.Release|iPhone.Deploy.0 = Release|Any CPU
		{D42E08FC-19FE-4C5A-B546-87438E928129}.Release|iPhoneSimulator.ActiveCfg = Release|Any CPU
		{D42E08FC-19FE-4C5A-B546-87438E928129}.Release|iPhoneSimulator.Build.0 = Release|Any CPU
		{D42E08FC-19FE-4C5A-B546-87438E928129}.Release|iPhoneSimulator.Deploy.0 = Release|Any CPU
	EndGlobalSection
	GlobalSection(SolutionProperties) = preSolution
		HideSolutionNode = FALSE
	EndGlobalSection
	GlobalSection(ExtensibilityGlobals) = postSolution
		SolutionGuid = {674681C4-3641-4D96-87A8-E26CC2BBD55D}
	EndGlobalSection
EndGlobal
